
Microsoft Visual Studio Solution File, Format Version 12.00
# Visual Studio Version 17
VisualStudioVersion = 17.4.33213.308
MinimumVisualStudioVersion = 10.0.40219.1
Project("{FAE04EC0-301F-11D3-BF4B-00C04F79EFBC}") = "Heater", "Heater\Heater.csproj", "{B0DC4F85-AC4A-4470-BC51-EBC81BA95BBC}"
EndProject
Global
	GlobalSection(SolutionConfigurationPlatforms) = preSolution
		Debug|Any CPU = Debug|Any CPU
		Release|Any CPU = Release|Any CPU
	EndGlobalSection
	GlobalSection(ProjectConfigurationPlatforms) = postSolution
		{B0DC4F85-AC4A-4470-BC51-EBC81BA95BBC}.Debug|Any CPU.ActiveCfg = Debug|Any CPU
		{B0DC4F85-AC4A-4470-BC51-EBC81BA95BBC}.Debug|Any CPU.Build.0 = Debug|Any CPU
		{B0DC4F85-AC4A-4470-BC51-EBC81BA95BBC}.Release|Any CPU.ActiveCfg = Release|Any CPU
		{B0DC4F85-AC4A-4470-BC51-EBC81BA95BBC}.Release|Any CPU.Build.0 = Release|Any CPU
	EndGlobalSection
	GlobalSection(SolutionProperties) = preSolution
		HideSolutionNode = FALSE
	EndGlobalSection
	GlobalSection(ExtensibilityGlobals) = postSolution
		SolutionGuid = {B4D1D587-AAF9-411F-B978-CCF5CDED1A62}
	EndGlobalSection
EndGlobal
